
Microsoft Visual Studio Solution File, Format Version 12.00
# Visual Studio Version 16
VisualStudioVersion = 16.0.29709.97
MinimumVisualStudioVersion = 10.0.40219.1
Project("{FAE04EC0-301F-11D3-BF4B-00C04F79EFBC}") = "CloakedContent", "CloakedContent\CloakedContent.csproj", "{05C2A9A0-4F86-4533-8D5B-6EC7A9A414E1}"
EndProject
Global
	GlobalSection(SolutionConfigurationPlatforms) = preSolution
		Debug|Any CPU = Debug|Any CPU
		Release|Any CPU = Release|Any CPU
	EndGlobalSection
	GlobalSection(ProjectConfigurationPlatforms) = postSolution
		{05C2A9A0-4F86-4533-8D5B-6EC7A9A414E1}.Debug|Any CPU.ActiveCfg = Debug|Any CPU
		{05C2A9A0-4F86-4533-8D5B-6EC7A9A414E1}.Debug|Any CPU.Build.0 = Debug|Any CPU
		{05C2A9A0-4F86-4533-8D5B-6EC7A9A414E1}.Release|Any CPU.ActiveCfg = Release|Any CPU
		{05C2A9A0-4F86-4533-8D5B-6EC7A9A414E1}.Release|Any CPU.Build.0 = Release|Any CPU
	EndGlobalSection
	GlobalSection(SolutionProperties) = preSolution
		HideSolutionNode = FALSE
	EndGlobalSection
	GlobalSection(ExtensibilityGlobals) = postSolution
		SolutionGuid = {4B8B48CD-F24D-47AA-90C2-C3AE21B2C2B6}
	EndGlobalSection
EndGlobal
